// !$*UTF8*$!
{
	archiveVersion = 1;
	classes = {
	};
	objectVersion = 46;
	objects = {

/* Begin PBXBuildFile section */
		28F0EE861955F74C003BF618 /* Cocoa.framework in Frameworks */ = {isa = PBXBuildFile; fileRef = 28F0EE851955F74C003BF618 /* Cocoa.framework */; };
		28F0EEDE195606F6003BF618 /* reaper.cpp in Sources */ = {isa = PBXBuildFile; fileRef = 28F0EEDC195606F6003BF618 /* reaper.cpp */; };
		28F0EEE419560759003BF618 /* tinyxml2.cpp in Sources */ = {isa = PBXBuildFile; fileRef = 28F0EEE219560759003BF618 /* tinyxml2.cpp */; };
		28F0EEEB1956086D003BF618 /* XCTest.framework in Frameworks */ = {isa = PBXBuildFile; fileRef = 28F0EE961955F74C003BF618 /* XCTest.framework */; };
		28F0EEF11956086D003BF618 /* InfoPlist.strings in Resources */ = {isa = PBXBuildFile; fileRef = 28F0EEEF1956086D003BF618 /* InfoPlist.strings */; };
		28F0EEF31956086D003BF618 /* Ultraschall_Tests.m in Sources */ = {isa = PBXBuildFile; fileRef = 28F0EEF21956086D003BF618 /* Ultraschall_Tests.m */; };
		28F0EF0F19562B0E003BF618 /* swell-modstub.mm in Sources */ = {isa = PBXBuildFile; fileRef = 28F0EF0E19562B0E003BF618 /* swell-modstub.mm */; };
		28F0EF1719566193003BF618 /* Chapter.cpp in Sources */ = {isa = PBXBuildFile; fileRef = 28F0EEFA195621F2003BF618 /* Chapter.cpp */; };
		28F0EF1819566196003BF618 /* Shownote.cpp in Sources */ = {isa = PBXBuildFile; fileRef = 28F0EEFC19562203003BF618 /* Shownote.cpp */; };
/* End PBXBuildFile section */

/* Begin PBXContainerItemProxy section */
		28F0EEF51956086D003BF618 /* PBXContainerItemProxy */ = {
			isa = PBXContainerItemProxy;
			containerPortal = 28F0EE7A1955F74C003BF618 /* Project object */;
			proxyType = 1;
			remoteGlobalIDString = 28F0EE811955F74C003BF618;
			remoteInfo = reaper_Ultraschall;
		};
/* End PBXContainerItemProxy section */

/* Begin PBXFileReference section */
		28F0EE821955F74C003BF618 /* reaper_Ultraschall.dylib */ = {isa = PBXFileReference; explicitFileType = "compiled.mach-o.dylib"; includeInIndex = 0; path = reaper_Ultraschall.dylib; sourceTree = BUILT_PRODUCTS_DIR; };
		28F0EE851955F74C003BF618 /* Cocoa.framework */ = {isa = PBXFileReference; lastKnownFileType = wrapper.framework; name = Cocoa.framework; path = System/Library/Frameworks/Cocoa.framework; sourceTree = SDKROOT; };
		28F0EE881955F74C003BF618 /* Foundation.framework */ = {isa = PBXFileReference; lastKnownFileType = wrapper.framework; name = Foundation.framework; path = System/Library/Frameworks/Foundation.framework; sourceTree = SDKROOT; };
		28F0EE891955F74C003BF618 /* CoreData.framework */ = {isa = PBXFileReference; lastKnownFileType = wrapper.framework; name = CoreData.framework; path = System/Library/Frameworks/CoreData.framework; sourceTree = SDKROOT; };
		28F0EE8A1955F74C003BF618 /* AppKit.framework */ = {isa = PBXFileReference; lastKnownFileType = wrapper.framework; name = AppKit.framework; path = System/Library/Frameworks/AppKit.framework; sourceTree = SDKROOT; };
		28F0EE8D1955F74C003BF618 /* Reaper Plugin-Prefix.pch */ = {isa = PBXFileReference; lastKnownFileType = sourcecode.c.h; path = "Reaper Plugin-Prefix.pch"; sourceTree = "<group>"; };
		28F0EE961955F74C003BF618 /* XCTest.framework */ = {isa = PBXFileReference; lastKnownFileType = wrapper.framework; name = XCTest.framework; path = Library/Frameworks/XCTest.framework; sourceTree = DEVELOPER_DIR; };
		28F0EED819560665003BF618 /* reaper_plugin_functions.h */ = {isa = PBXFileReference; fileEncoding = 4; lastKnownFileType = sourcecode.c.h; path = reaper_plugin_functions.h; sourceTree = "<group>"; };
		28F0EED919560665003BF618 /* reaper_plugin.h */ = {isa = PBXFileReference; fileEncoding = 4; lastKnownFileType = sourcecode.c.h; path = reaper_plugin.h; sourceTree = "<group>"; };
		28F0EEDC195606F6003BF618 /* reaper.cpp */ = {isa = PBXFileReference; fileEncoding = 4; lastKnownFileType = sourcecode.cpp.cpp; path = reaper.cpp; sourceTree = "<group>"; };
		28F0EEDD195606F6003BF618 /* reaper.h */ = {isa = PBXFileReference; fileEncoding = 4; lastKnownFileType = sourcecode.c.h; path = reaper.h; sourceTree = "<group>"; };
		28F0EEE219560759003BF618 /* tinyxml2.cpp */ = {isa = PBXFileReference; fileEncoding = 4; lastKnownFileType = sourcecode.cpp.cpp; name = tinyxml2.cpp; path = ../../External/tinyxml2/tinyxml2.cpp; sourceTree = "<group>"; };
		28F0EEE319560759003BF618 /* tinyxml2.h */ = {isa = PBXFileReference; fileEncoding = 4; lastKnownFileType = sourcecode.c.h; name = tinyxml2.h; path = ../../External/tinyxml2/tinyxml2.h; sourceTree = "<group>"; };
		28F0EEEA1956086D003BF618 /* Ultraschall Tests.xctest */ = {isa = PBXFileReference; explicitFileType = wrapper.cfbundle; includeInIndex = 0; path = "Ultraschall Tests.xctest"; sourceTree = BUILT_PRODUCTS_DIR; };
		28F0EEEE1956086D003BF618 /* Ultraschall Tests-Info.plist */ = {isa = PBXFileReference; lastKnownFileType = text.plist.xml; path = "Ultraschall Tests-Info.plist"; sourceTree = "<group>"; };
		28F0EEF01956086D003BF618 /* en */ = {isa = PBXFileReference; lastKnownFileType = text.plist.strings; name = en; path = en.lproj/InfoPlist.strings; sourceTree = "<group>"; };
		28F0EEF21956086D003BF618 /* Ultraschall_Tests.m */ = {isa = PBXFileReference; lastKnownFileType = sourcecode.c.objc; path = Ultraschall_Tests.m; sourceTree = "<group>"; };
		28F0EEF41956086D003BF618 /* Ultraschall Tests-Prefix.pch */ = {isa = PBXFileReference; lastKnownFileType = sourcecode.c.h; path = "Ultraschall Tests-Prefix.pch"; sourceTree = "<group>"; };
		28F0EEFA195621F2003BF618 /* Chapter.cpp */ = {isa = PBXFileReference; fileEncoding = 4; lastKnownFileType = sourcecode.cpp.cpp; path = Chapter.cpp; sourceTree = "<group>"; };
		28F0EEFC19562203003BF618 /* Shownote.cpp */ = {isa = PBXFileReference; fileEncoding = 4; lastKnownFileType = sourcecode.cpp.cpp; path = Shownote.cpp; sourceTree = "<group>"; };
		28F0EF0E19562B0E003BF618 /* swell-modstub.mm */ = {isa = PBXFileReference; fileEncoding = 4; lastKnownFileType = sourcecode.cpp.objcpp; name = "swell-modstub.mm"; path = "../../External/WDL/WDL/swell/swell-modstub.mm"; sourceTree = "<group>"; };
		28F0EF1219562C43003BF618 /* sws_rpf_wrapper.h */ = {isa = PBXFileReference; fileEncoding = 4; lastKnownFileType = sourcecode.c.h; path = sws_rpf_wrapper.h; sourceTree = "<group>"; };
		28F0EF1519565FA4003BF618 /* Chapter.h */ = {isa = PBXFileReference; lastKnownFileType = sourcecode.c.h; path = Chapter.h; sourceTree = "<group>"; };
		28F0EF1619565FAE003BF618 /* Shownote.h */ = {isa = PBXFileReference; lastKnownFileType = sourcecode.c.h; path = Shownote.h; sourceTree = "<group>"; };
		28F0EF281956FC41003BF618 /* swell-functions.h */ = {isa = PBXFileReference; fileEncoding = 4; lastKnownFileType = sourcecode.c.h; name = "swell-functions.h"; path = "../../External/WDL/WDL/swell/swell-functions.h"; sourceTree = "<group>"; };
		28F0EF291956FC41003BF618 /* swell-types.h */ = {isa = PBXFileReference; fileEncoding = 4; lastKnownFileType = sourcecode.c.h; name = "swell-types.h"; path = "../../External/WDL/WDL/swell/swell-types.h"; sourceTree = "<group>"; };
		28F0EF2A1956FC41003BF618 /* swell.h */ = {isa = PBXFileReference; fileEncoding = 4; lastKnownFileType = sourcecode.c.h; name = swell.h; path = ../../External/WDL/WDL/swell/swell.h; sourceTree = "<group>"; };
/* End PBXFileReference section */

/* Begin PBXFrameworksBuildPhase section */
		28F0EE7F1955F74C003BF618 /* Frameworks */ = {
			isa = PBXFrameworksBuildPhase;
			buildActionMask = 2147483647;
			files = (
				28F0EE861955F74C003BF618 /* Cocoa.framework in Frameworks */,
			);
			runOnlyForDeploymentPostprocessing = 0;
		};
		28F0EEE71956086D003BF618 /* Frameworks */ = {
			isa = PBXFrameworksBuildPhase;
			buildActionMask = 2147483647;
			files = (
				28F0EEEB1956086D003BF618 /* XCTest.framework in Frameworks */,
			);
			runOnlyForDeploymentPostprocessing = 0;
		};
/* End PBXFrameworksBuildPhase section */

/* Begin PBXGroup section */
		28F0EE791955F74C003BF618 = {
			isa = PBXGroup;
			children = (
				28F0EE8B1955F74C003BF618 /* Reaper Plugin */,
				28F0EEEC1956086D003BF618 /* Tests */,
				28F0EE841955F74C003BF618 /* Frameworks */,
				28F0EE831955F74C003BF618 /* Products */,
			);
			sourceTree = "<group>";
		};
		28F0EE831955F74C003BF618 /* Products */ = {
			isa = PBXGroup;
			children = (
				28F0EE821955F74C003BF618 /* reaper_Ultraschall.dylib */,
				28F0EEEA1956086D003BF618 /* Ultraschall Tests.xctest */,
			);
			name = Products;
			sourceTree = "<group>";
		};
		28F0EE841955F74C003BF618 /* Frameworks */ = {
			isa = PBXGroup;
			children = (
				28F0EE851955F74C003BF618 /* Cocoa.framework */,
				28F0EE961955F74C003BF618 /* XCTest.framework */,
				28F0EE871955F74C003BF618 /* Other Frameworks */,
			);
			name = Frameworks;
			sourceTree = "<group>";
		};
		28F0EE871955F74C003BF618 /* Other Frameworks */ = {
			isa = PBXGroup;
			children = (
				28F0EE881955F74C003BF618 /* Foundation.framework */,
				28F0EE891955F74C003BF618 /* CoreData.framework */,
				28F0EE8A1955F74C003BF618 /* AppKit.framework */,
			);
			name = "Other Frameworks";
			sourceTree = "<group>";
		};
		28F0EE8B1955F74C003BF618 /* Reaper Plugin */ = {
			isa = PBXGroup;
			children = (
				28F0EEAD1955F848003BF618 /* Reaper */,
				28F0EEAC1955F83C003BF618 /* Ultraschall-Platform */,
				28F0EE8C1955F74C003BF618 /* Supporting Files */,
			);
			path = "Reaper Plugin";
			sourceTree = "<group>";
		};
		28F0EE8C1955F74C003BF618 /* Supporting Files */ = {
			isa = PBXGroup;
			children = (
				28F0EEE119560740003BF618 /* tinyxml2 */,
				28F0EEE019560735003BF618 /* WDL */,
				28F0EE8D1955F74C003BF618 /* Reaper Plugin-Prefix.pch */,
			);
			name = "Supporting Files";
			sourceTree = "<group>";
		};
		28F0EEAC1955F83C003BF618 /* Ultraschall-Platform */ = {
			isa = PBXGroup;
			children = (
				28F0EEB11955F886003BF618 /* Chapter */,
				28F0EEB21955F88C003BF618 /* Shownote */,
			);
			name = "Ultraschall-Platform";
			sourceTree = "<group>";
		};
		28F0EEAD1955F848003BF618 /* Reaper */ = {
			isa = PBXGroup;
			children = (
				28F0EEDD195606F6003BF618 /* reaper.h */,
				28F0EF1219562C43003BF618 /* sws_rpf_wrapper.h */,
				28F0EED919560665003BF618 /* reaper_plugin.h */,
				28F0EED819560665003BF618 /* reaper_plugin_functions.h */,
				28F0EEDC195606F6003BF618 /* reaper.cpp */,
			);
			name = Reaper;
			sourceTree = "<group>";
		};
		28F0EEB11955F886003BF618 /* Chapter */ = {
			isa = PBXGroup;
			children = (
				28F0EEFA195621F2003BF618 /* Chapter.cpp */,
				28F0EF1519565FA4003BF618 /* Chapter.h */,
			);
			name = Chapter;
			sourceTree = "<group>";
		};
		28F0EEB21955F88C003BF618 /* Shownote */ = {
			isa = PBXGroup;
			children = (
				28F0EEFC19562203003BF618 /* Shownote.cpp */,
				28F0EF1619565FAE003BF618 /* Shownote.h */,
			);
			name = Shownote;
			sourceTree = "<group>";
		};
		28F0EEE019560735003BF618 /* WDL */ = {
			isa = PBXGroup;
			children = (
				28F0EF2E1956FC46003BF618 /* swell */,
			);
			name = WDL;
			sourceTree = "<group>";
		};
		28F0EEE119560740003BF618 /* tinyxml2 */ = {
			isa = PBXGroup;
			children = (
				28F0EEE219560759003BF618 /* tinyxml2.cpp */,
				28F0EEE319560759003BF618 /* tinyxml2.h */,
			);
			name = tinyxml2;
			sourceTree = "<group>";
		};
		28F0EEEC1956086D003BF618 /* Tests */ = {
			isa = PBXGroup;
			children = (
				28F0EEF21956086D003BF618 /* Ultraschall_Tests.m */,
				28F0EEED1956086D003BF618 /* Supporting Files */,
			);
			name = Tests;
			path = "Ultraschall Tests";
			sourceTree = "<group>";
		};
		28F0EEED1956086D003BF618 /* Supporting Files */ = {
			isa = PBXGroup;
			children = (
				28F0EEEE1956086D003BF618 /* Ultraschall Tests-Info.plist */,
				28F0EEEF1956086D003BF618 /* InfoPlist.strings */,
				28F0EEF41956086D003BF618 /* Ultraschall Tests-Prefix.pch */,
			);
			name = "Supporting Files";
			sourceTree = "<group>";
		};
		28F0EF2E1956FC46003BF618 /* swell */ = {
			isa = PBXGroup;
			children = (
				28F0EF281956FC41003BF618 /* swell-functions.h */,
				28F0EF291956FC41003BF618 /* swell-types.h */,
				28F0EF2A1956FC41003BF618 /* swell.h */,
				28F0EF0E19562B0E003BF618 /* swell-modstub.mm */,
			);
			name = swell;
			sourceTree = "<group>";
		};
/* End PBXGroup section */

/* Begin PBXHeadersBuildPhase section */
		28F0EE801955F74C003BF618 /* Headers */ = {
			isa = PBXHeadersBuildPhase;
			buildActionMask = 2147483647;
			files = (
			);
			runOnlyForDeploymentPostprocessing = 0;
		};
/* End PBXHeadersBuildPhase section */

/* Begin PBXNativeTarget section */
		28F0EE811955F74C003BF618 /* reaper_Ultraschall */ = {
			isa = PBXNativeTarget;
			buildConfigurationList = 28F0EEA61955F74C003BF618 /* Build configuration list for PBXNativeTarget "reaper_Ultraschall" */;
			buildPhases = (
				28F0EE7E1955F74C003BF618 /* Sources */,
				28F0EE7F1955F74C003BF618 /* Frameworks */,
				28F0EE801955F74C003BF618 /* Headers */,
				28F0EF14195652AD003BF618 /* ShellScript */,
			);
			buildRules = (
			);
			dependencies = (
			);
			name = reaper_Ultraschall;
			productName = "Reaper Plugin";
			productReference = 28F0EE821955F74C003BF618 /* reaper_Ultraschall.dylib */;
			productType = "com.apple.product-type.library.dynamic";
		};
		28F0EEE91956086D003BF618 /* Ultraschall Tests */ = {
			isa = PBXNativeTarget;
			buildConfigurationList = 28F0EEF71956086D003BF618 /* Build configuration list for PBXNativeTarget "Ultraschall Tests" */;
			buildPhases = (
				28F0EEE61956086D003BF618 /* Sources */,
				28F0EEE71956086D003BF618 /* Frameworks */,
				28F0EEE81956086D003BF618 /* Resources */,
			);
			buildRules = (
			);
			dependencies = (
				28F0EEF61956086D003BF618 /* PBXTargetDependency */,
			);
			name = "Ultraschall Tests";
			productName = "Ultraschall Tests";
			productReference = 28F0EEEA1956086D003BF618 /* Ultraschall Tests.xctest */;
			productType = "com.apple.product-type.bundle.unit-test";
		};
/* End PBXNativeTarget section */

/* Begin PBXProject section */
		28F0EE7A1955F74C003BF618 /* Project object */ = {
			isa = PBXProject;
			attributes = {
				LastUpgradeCheck = 0510;
				ORGANIZATIONNAME = Ultraschall;
				TargetAttributes = {
					28F0EEE91956086D003BF618 = {
						TestTargetID = 28F0EE811955F74C003BF618;
					};
				};
			};
			buildConfigurationList = 28F0EE7D1955F74C003BF618 /* Build configuration list for PBXProject "Reaper Plugin" */;
			compatibilityVersion = "Xcode 3.2";
			developmentRegion = English;
			hasScannedForEncodings = 0;
			knownRegions = (
				en,
			);
			mainGroup = 28F0EE791955F74C003BF618;
			productRefGroup = 28F0EE831955F74C003BF618 /* Products */;
			projectDirPath = "";
			projectRoot = "";
			targets = (
				28F0EE811955F74C003BF618 /* reaper_Ultraschall */,
				28F0EEE91956086D003BF618 /* Ultraschall Tests */,
			);
		};
/* End PBXProject section */

/* Begin PBXResourcesBuildPhase section */
		28F0EEE81956086D003BF618 /* Resources */ = {
			isa = PBXResourcesBuildPhase;
			buildActionMask = 2147483647;
			files = (
				28F0EEF11956086D003BF618 /* InfoPlist.strings in Resources */,
			);
			runOnlyForDeploymentPostprocessing = 0;
		};
/* End PBXResourcesBuildPhase section */

/* Begin PBXShellScriptBuildPhase section */
		28F0EF14195652AD003BF618 /* ShellScript */ = {
			isa = PBXShellScriptBuildPhase;
			buildActionMask = 2147483647;
			files = (
			);
			inputPaths = (
			);
			outputPaths = (
			);
			runOnlyForDeploymentPostprocessing = 0;
			shellPath = /bin/sh;
			shellScript = "if [ \"$CONFIGURATION\" == \"Debug\" ]\nthen\ncp $TARGET_BUILD_DIR/${PRODUCT_NAME}.dylib ~/Library/Application\\ Support/REAPER/UserPlugins/\nfi";
		};
/* End PBXShellScriptBuildPhase section */

/* Begin PBXSourcesBuildPhase section */
		28F0EE7E1955F74C003BF618 /* Sources */ = {
			isa = PBXSourcesBuildPhase;
			buildActionMask = 2147483647;
			files = (
				28F0EEE419560759003BF618 /* tinyxml2.cpp in Sources */,
				28F0EF0F19562B0E003BF618 /* swell-modstub.mm in Sources */,
				28F0EEDE195606F6003BF618 /* reaper.cpp in Sources */,
				28F0EF1819566196003BF618 /* Shownote.cpp in Sources */,
				28F0EF1719566193003BF618 /* Chapter.cpp in Sources */,
			);
			runOnlyForDeploymentPostprocessing = 0;
		};
		28F0EEE61956086D003BF618 /* Sources */ = {
			isa = PBXSourcesBuildPhase;
			buildActionMask = 2147483647;
			files = (
				28F0EEF31956086D003BF618 /* Ultraschall_Tests.m in Sources */,
			);
			runOnlyForDeploymentPostprocessing = 0;
		};
/* End PBXSourcesBuildPhase section */

/* Begin PBXTargetDependency section */
		28F0EEF61956086D003BF618 /* PBXTargetDependency */ = {
			isa = PBXTargetDependency;
			target = 28F0EE811955F74C003BF618 /* reaper_Ultraschall */;
			targetProxy = 28F0EEF51956086D003BF618 /* PBXContainerItemProxy */;
		};
/* End PBXTargetDependency section */

/* Begin PBXVariantGroup section */
		28F0EEEF1956086D003BF618 /* InfoPlist.strings */ = {
			isa = PBXVariantGroup;
			children = (
				28F0EEF01956086D003BF618 /* en */,
			);
			name = InfoPlist.strings;
			sourceTree = "<group>";
		};
/* End PBXVariantGroup section */

/* Begin XCBuildConfiguration section */
		28F0EEA41955F74C003BF618 /* Debug */ = {
			isa = XCBuildConfiguration;
			buildSettings = {
				ALWAYS_SEARCH_USER_PATHS = NO;
				CLANG_CXX_LANGUAGE_STANDARD = "gnu++0x";
				CLANG_CXX_LIBRARY = "libc++";
				CLANG_ENABLE_MODULES = YES;
				CLANG_ENABLE_OBJC_ARC = YES;
				CLANG_WARN_BOOL_CONVERSION = YES;
				CLANG_WARN_CONSTANT_CONVERSION = YES;
				CLANG_WARN_DIRECT_OBJC_ISA_USAGE = YES_ERROR;
				CLANG_WARN_EMPTY_BODY = YES;
				CLANG_WARN_ENUM_CONVERSION = YES;
				CLANG_WARN_INT_CONVERSION = YES;
				CLANG_WARN_OBJC_ROOT_CLASS = YES_ERROR;
				CLANG_WARN__DUPLICATE_METHOD_MATCH = YES;
				COPY_PHASE_STRIP = NO;
				GCC_C_LANGUAGE_STANDARD = gnu99;
				GCC_DYNAMIC_NO_PIC = NO;
				GCC_ENABLE_OBJC_EXCEPTIONS = YES;
				GCC_OPTIMIZATION_LEVEL = 0;
				GCC_PREPROCESSOR_DEFINITIONS = (
					"DEBUG=1",
					"$(inherited)",
				);
				GCC_SYMBOLS_PRIVATE_EXTERN = NO;
				GCC_WARN_64_TO_32_BIT_CONVERSION = YES;
				GCC_WARN_ABOUT_RETURN_TYPE = YES_ERROR;
				GCC_WARN_UNDECLARED_SELECTOR = NO;
				GCC_WARN_UNINITIALIZED_AUTOS = YES_AGGRESSIVE;
				GCC_WARN_UNUSED_FUNCTION = YES;
				GCC_WARN_UNUSED_VARIABLE = YES;
				MACOSX_DEPLOYMENT_TARGET = 10.9;
				ONLY_ACTIVE_ARCH = YES;
				SDKROOT = macosx;
			};
			name = Debug;
		};
		28F0EEA51955F74C003BF618 /* Release */ = {
			isa = XCBuildConfiguration;
			buildSettings = {
				ALWAYS_SEARCH_USER_PATHS = NO;
				CLANG_CXX_LANGUAGE_STANDARD = "gnu++0x";
				CLANG_CXX_LIBRARY = "libc++";
				CLANG_ENABLE_MODULES = YES;
				CLANG_ENABLE_OBJC_ARC = YES;
				CLANG_WARN_BOOL_CONVERSION = YES;
				CLANG_WARN_CONSTANT_CONVERSION = YES;
				CLANG_WARN_DIRECT_OBJC_ISA_USAGE = YES_ERROR;
				CLANG_WARN_EMPTY_BODY = YES;
				CLANG_WARN_ENUM_CONVERSION = YES;
				CLANG_WARN_INT_CONVERSION = YES;
				CLANG_WARN_OBJC_ROOT_CLASS = YES_ERROR;
				CLANG_WARN__DUPLICATE_METHOD_MATCH = YES;
				COPY_PHASE_STRIP = YES;
				DEBUG_INFORMATION_FORMAT = "dwarf-with-dsym";
				ENABLE_NS_ASSERTIONS = NO;
				GCC_C_LANGUAGE_STANDARD = gnu99;
				GCC_ENABLE_OBJC_EXCEPTIONS = YES;
				GCC_WARN_64_TO_32_BIT_CONVERSION = YES;
				GCC_WARN_ABOUT_RETURN_TYPE = YES_ERROR;
				GCC_WARN_UNDECLARED_SELECTOR = NO;
				GCC_WARN_UNINITIALIZED_AUTOS = YES_AGGRESSIVE;
				GCC_WARN_UNUSED_FUNCTION = YES;
				GCC_WARN_UNUSED_VARIABLE = YES;
				MACOSX_DEPLOYMENT_TARGET = 10.9;
				SDKROOT = macosx;
			};
			name = Release;
		};
		28F0EEA71955F74C003BF618 /* Debug */ = {
			isa = XCBuildConfiguration;
			buildSettings = {
				ARCHS = "$(ARCHS_STANDARD_32_64_BIT)";
				CLANG_ENABLE_OBJC_ARC = NO;
				DYLIB_COMPATIBILITY_VERSION = 1;
				DYLIB_CURRENT_VERSION = 1;
				GCC_PRECOMPILE_PREFIX_HEADER = YES;
				GCC_PREFIX_HEADER = "Reaper Plugin/Reaper Plugin-Prefix.pch";
				GCC_PREPROCESSOR_DEFINITIONS = (
					"$(inherited)",
					SWELL_PROVIDED_BY_APP,
				);
				PRODUCT_NAME = "$(TARGET_NAME)";
				USER_HEADER_SEARCH_PATHS = ../External/WDL;
			};
			name = Debug;
		};
		28F0EEA81955F74C003BF618 /* Release */ = {
			isa = XCBuildConfiguration;
			buildSettings = {
				ARCHS = "$(ARCHS_STANDARD_32_64_BIT)";
				CLANG_ENABLE_OBJC_ARC = NO;
				DYLIB_COMPATIBILITY_VERSION = 1;
				DYLIB_CURRENT_VERSION = 1;
				GCC_PRECOMPILE_PREFIX_HEADER = YES;
				GCC_PREFIX_HEADER = "Reaper Plugin/Reaper Plugin-Prefix.pch";
				GCC_PREPROCESSOR_DEFINITIONS = SWELL_PROVIDED_BY_APP;
				PRODUCT_NAME = "$(TARGET_NAME)";
				USER_HEADER_SEARCH_PATHS = ../External/WDL;
			};
			name = Release;
		};
		28F0EEF81956086D003BF618 /* Debug */ = {
			isa = XCBuildConfiguration;
			buildSettings = {
				FRAMEWORK_SEARCH_PATHS = (
					"$(DEVELOPER_FRAMEWORKS_DIR)",
					"$(inherited)",
				);
				GCC_PRECOMPILE_PREFIX_HEADER = YES;
				GCC_PREFIX_HEADER = "Ultraschall Tests/Ultraschall Tests-Prefix.pch";
				GCC_PREPROCESSOR_DEFINITIONS = (
					"DEBUG=1",
					"$(inherited)",
				);
				INFOPLIST_FILE = "Ultraschall Tests/Ultraschall Tests-Info.plist";
				PRODUCT_NAME = "$(TARGET_NAME)";
				WRAPPER_EXTENSION = xctest;
			};
			name = Debug;
		};
		28F0EEF91956086D003BF618 /* Release */ = {
			isa = XCBuildConfiguration;
			buildSettings = {
				FRAMEWORK_SEARCH_PATHS = (
					"$(DEVELOPER_FRAMEWORKS_DIR)",
					"$(inherited)",
				);
				GCC_PRECOMPILE_PREFIX_HEADER = YES;
				GCC_PREFIX_HEADER = "Ultraschall Tests/Ultraschall Tests-Prefix.pch";
				INFOPLIST_FILE = "Ultraschall Tests/Ultraschall Tests-Info.plist";
				PRODUCT_NAME = "$(TARGET_NAME)";
				WRAPPER_EXTENSION = xctest;
			};
			name = Release;
		};
/* End XCBuildConfiguration section */

/* Begin XCConfigurationList section */
		28F0EE7D1955F74C003BF618 /* Build configuration list for PBXProject "Reaper Plugin" */ = {
			isa = XCConfigurationList;
			buildConfigurations = (
				28F0EEA41955F74C003BF618 /* Debug */,
				28F0EEA51955F74C003BF618 /* Release */,
			);
			defaultConfigurationIsVisible = 0;
			defaultConfigurationName = Release;
		};
		28F0EEA61955F74C003BF618 /* Build configuration list for PBXNativeTarget "reaper_Ultraschall" */ = {
			isa = XCConfigurationList;
			buildConfigurations = (
				28F0EEA71955F74C003BF618 /* Debug */,
				28F0EEA81955F74C003BF618 /* Release */,
			);
			defaultConfigurationIsVisible = 0;
			defaultConfigurationName = Release;
		};
		28F0EEF71956086D003BF618 /* Build configuration list for PBXNativeTarget "Ultraschall Tests" */ = {
			isa = XCConfigurationList;
			buildConfigurations = (
				28F0EEF81956086D003BF618 /* Debug */,
				28F0EEF91956086D003BF618 /* Release */,
			);
			defaultConfigurationIsVisible = 0;
			defaultConfigurationName = Release;
		};
/* End XCConfigurationList section */
	};
	rootObject = 28F0EE7A1955F74C003BF618 /* Project object */;
}
